// !$*UTF8*$!
{
	archiveVersion = 1;
	classes = {
	};
	objectVersion = 50;
	objects = {

/* Begin PBXBuildFile section */
		D3368BCEDF55028051E36C70 /* Pods_Weathery.framework in Frameworks */ = {isa = PBXBuildFile; fileRef = 9824BCAEB1A8C76AB0F312C6 /* Pods_Weathery.framework */; };
		FFDCF584239E010E0098C893 /* AppDelegate.swift in Sources */ = {isa = PBXBuildFile; fileRef = FFDCF583239E010E0098C893 /* AppDelegate.swift */; };
		FFDCF586239E010E0098C893 /* SceneDelegate.swift in Sources */ = {isa = PBXBuildFile; fileRef = FFDCF585239E010E0098C893 /* SceneDelegate.swift */; };
		FFDCF588239E010E0098C893 /* WeatherViewController.swift in Sources */ = {isa = PBXBuildFile; fileRef = FFDCF587239E010E0098C893 /* WeatherViewController.swift */; };
		FFDCF58B239E010E0098C893 /* Main.storyboard in Resources */ = {isa = PBXBuildFile; fileRef = FFDCF589239E010E0098C893 /* Main.storyboard */; };
		FFDCF58D239E010F0098C893 /* Assets.xcassets in Resources */ = {isa = PBXBuildFile; fileRef = FFDCF58C239E010F0098C893 /* Assets.xcassets */; };
		FFDCF590239E010F0098C893 /* LaunchScreen.storyboard in Resources */ = {isa = PBXBuildFile; fileRef = FFDCF58E239E010F0098C893 /* LaunchScreen.storyboard */; };
/* End PBXBuildFile section */

/* Begin PBXFileReference section */
		055CFEE8824861B13C0E4C54 /* Pods-Weathery.release.xcconfig */ = {isa = PBXFileReference; includeInIndex = 1; lastKnownFileType = text.xcconfig; name = "Pods-Weathery.release.xcconfig"; path = "Pods/Target Support Files/Pods-Weathery/Pods-Weathery.release.xcconfig"; sourceTree = "<group>"; };
		81FE74B648812E383C955B9A /* Pods-Weathery.debug.xcconfig */ = {isa = PBXFileReference; includeInIndex = 1; lastKnownFileType = text.xcconfig; name = "Pods-Weathery.debug.xcconfig"; path = "Pods/Target Support Files/Pods-Weathery/Pods-Weathery.debug.xcconfig"; sourceTree = "<group>"; };
		9824BCAEB1A8C76AB0F312C6 /* Pods_Weathery.framework */ = {isa = PBXFileReference; explicitFileType = wrapper.framework; includeInIndex = 0; path = Pods_Weathery.framework; sourceTree = BUILT_PRODUCTS_DIR; };
		FFDCF580239E010E0098C893 /* Weathery.app */ = {isa = PBXFileReference; explicitFileType = wrapper.application; includeInIndex = 0; path = Weathery.app; sourceTree = BUILT_PRODUCTS_DIR; };
		FFDCF583239E010E0098C893 /* AppDelegate.swift */ = {isa = PBXFileReference; lastKnownFileType = sourcecode.swift; path = AppDelegate.swift; sourceTree = "<group>"; };
		FFDCF585239E010E0098C893 /* SceneDelegate.swift */ = {isa = PBXFileReference; lastKnownFileType = sourcecode.swift; path = SceneDelegate.swift; sourceTree = "<group>"; };
		FFDCF587239E010E0098C893 /* WeatherViewController.swift */ = {isa = PBXFileReference; lastKnownFileType = sourcecode.swift; path = WeatherViewController.swift; sourceTree = "<group>"; };
		FFDCF58A239E010E0098C893 /* Base */ = {isa = PBXFileReference; lastKnownFileType = file.storyboard; name = Base; path = Base.lproj/Main.storyboard; sourceTree = "<group>"; };
		FFDCF58C239E010F0098C893 /* Assets.xcassets */ = {isa = PBXFileReference; lastKnownFileType = folder.assetcatalog; path = Assets.xcassets; sourceTree = "<group>"; };
		FFDCF58F239E010F0098C893 /* Base */ = {isa = PBXFileReference; lastKnownFileType = file.storyboard; name = Base; path = Base.lproj/LaunchScreen.storyboard; sourceTree = "<group>"; };
		FFDCF591239E010F0098C893 /* Info.plist */ = {isa = PBXFileReference; lastKnownFileType = text.plist.xml; path = Info.plist; sourceTree = "<group>"; };
/* End PBXFileReference section */

/* Begin PBXFrameworksBuildPhase section */
		FFDCF57D239E010E0098C893 /* Frameworks */ = {
			isa = PBXFrameworksBuildPhase;
			buildActionMask = 2147483647;
			files = (
				D3368BCEDF55028051E36C70 /* Pods_Weathery.framework in Frameworks */,
			);
			runOnlyForDeploymentPostprocessing = 0;
		};
/* End PBXFrameworksBuildPhase section */

/* Begin PBXGroup section */
		0DBF7804B924035AE7F802BC /* Frameworks */ = {
			isa = PBXGroup;
			children = (
				9824BCAEB1A8C76AB0F312C6 /* Pods_Weathery.framework */,
			);
			name = Frameworks;
			sourceTree = "<group>";
		};
		41E9D05751EAC5100DEBC1A2 /* Pods */ = {
			isa = PBXGroup;
			children = (
				81FE74B648812E383C955B9A /* Pods-Weathery.debug.xcconfig */,
				055CFEE8824861B13C0E4C54 /* Pods-Weathery.release.xcconfig */,
			);
			name = Pods;
			sourceTree = "<group>";
		};
		FF88D3AD23A32B8500EC7DE3 /* Model */ = {
			isa = PBXGroup;
			children = (
			);
			path = Model;
			sourceTree = "<group>";
		};
		FF88D3AE23A32BA000EC7DE3 /* View */ = {
			isa = PBXGroup;
			children = (
				FFDCF58E239E010F0098C893 /* LaunchScreen.storyboard */,
				FFDCF589239E010E0098C893 /* Main.storyboard */,
			);
			path = View;
			sourceTree = "<group>";
		};
		FF88D3AF23A32BCC00EC7DE3 /* Controller */ = {
			isa = PBXGroup;
			children = (
				FFDCF587239E010E0098C893 /* WeatherViewController.swift */,
			);
			path = Controller;
			sourceTree = "<group>";
		};
		FF88D3B023A32BE600EC7DE3 /* Support Files */ = {
			isa = PBXGroup;
			children = (
				FFDCF583239E010E0098C893 /* AppDelegate.swift */,
				FFDCF585239E010E0098C893 /* SceneDelegate.swift */,
			);
			path = "Support Files";
			sourceTree = "<group>";
		};
		FFDCF577239E010E0098C893 = {
			isa = PBXGroup;
			children = (
				FFDCF582239E010E0098C893 /* Weathery */,
				FFDCF58C239E010F0098C893 /* Assets.xcassets */,
				FFDCF591239E010F0098C893 /* Info.plist */,
				FFDCF581239E010E0098C893 /* Products */,
				41E9D05751EAC5100DEBC1A2 /* Pods */,
				0DBF7804B924035AE7F802BC /* Frameworks */,
			);
			sourceTree = "<group>";
		};
		FFDCF581239E010E0098C893 /* Products */ = {
			isa = PBXGroup;
			children = (
				FFDCF580239E010E0098C893 /* Weathery.app */,
			);
			name = Products;
			sourceTree = "<group>";
		};
		FFDCF582239E010E0098C893 /* Weathery */ = {
			isa = PBXGroup;
			children = (
				FF88D3AD23A32B8500EC7DE3 /* Model */,
				FF88D3AE23A32BA000EC7DE3 /* View */,
				FF88D3AF23A32BCC00EC7DE3 /* Controller */,
				FF88D3B023A32BE600EC7DE3 /* Support Files */,
			);
			path = Weathery;
			sourceTree = "<group>";
		};
/* End PBXGroup section */

/* Begin PBXNativeTarget section */
		FFDCF57F239E010E0098C893 /* Weathery */ = {
			isa = PBXNativeTarget;
			buildConfigurationList = FFDCF594239E010F0098C893 /* Build configuration list for PBXNativeTarget "Weathery" */;
			buildPhases = (
				A3A7A545D8B48AF989D97AA9 /* [CP] Check Pods Manifest.lock */,
				FFDCF57C239E010E0098C893 /* Sources */,
				FFDCF57D239E010E0098C893 /* Frameworks */,
				FFDCF57E239E010E0098C893 /* Resources */,
				20C44B326D6960A5A99952FC /* [CP] Embed Pods Frameworks */,
			);
			buildRules = (
			);
			dependencies = (
			);
			name = Weathery;
			productName = Weathery;
			productReference = FFDCF580239E010E0098C893 /* Weathery.app */;
			productType = "com.apple.product-type.application";
		};
/* End PBXNativeTarget section */

/* Begin PBXProject section */
		FFDCF578239E010E0098C893 /* Project object */ = {
			isa = PBXProject;
			attributes = {
				LastSwiftUpdateCheck = 1120;
				LastUpgradeCheck = 1120;
				ORGANIZATIONNAME = "Fahim Rahman";
				TargetAttributes = {
					FFDCF57F239E010E0098C893 = {
						CreatedOnToolsVersion = 11.2.1;
					};
				};
			};
			buildConfigurationList = FFDCF57B239E010E0098C893 /* Build configuration list for PBXProject "Weathery" */;
			compatibilityVersion = "Xcode 9.3";
			developmentRegion = en;
			hasScannedForEncodings = 0;
			knownRegions = (
				en,
				Base,
			);
			mainGroup = FFDCF577239E010E0098C893;
			productRefGroup = FFDCF581239E010E0098C893 /* Products */;
			projectDirPath = "";
			projectRoot = "";
			targets = (
				FFDCF57F239E010E0098C893 /* Weathery */,
			);
		};
/* End PBXProject section */

/* Begin PBXResourcesBuildPhase section */
		FFDCF57E239E010E0098C893 /* Resources */ = {
			isa = PBXResourcesBuildPhase;
			buildActionMask = 2147483647;
			files = (
				FFDCF590239E010F0098C893 /* LaunchScreen.storyboard in Resources */,
				FFDCF58D239E010F0098C893 /* Assets.xcassets in Resources */,
				FFDCF58B239E010E0098C893 /* Main.storyboard in Resources */,
			);
			runOnlyForDeploymentPostprocessing = 0;
		};
/* End PBXResourcesBuildPhase section */

/* Begin PBXShellScriptBuildPhase section */
		20C44B326D6960A5A99952FC /* [CP] Embed Pods Frameworks */ = {
			isa = PBXShellScriptBuildPhase;
			buildActionMask = 2147483647;
			files = (
			);
			inputPaths = (
				"${SRCROOT}/Pods/Target Support Files/Pods-Weathery/Pods-Weathery-frameworks.sh",
				"${BUILT_PRODUCTS_DIR}/Alamofire/Alamofire.framework",
				"${BUILT_PRODUCTS_DIR}/SwiftyJSON/SwiftyJSON.framework",
			);
			name = "[CP] Embed Pods Frameworks";
			outputPaths = (
				"${TARGET_BUILD_DIR}/${FRAMEWORKS_FOLDER_PATH}/Alamofire.framework",
				"${TARGET_BUILD_DIR}/${FRAMEWORKS_FOLDER_PATH}/SwiftyJSON.framework",
			);
			runOnlyForDeploymentPostprocessing = 0;
			shellPath = /bin/sh;
			shellScript = "\"${SRCROOT}/Pods/Target Support Files/Pods-Weathery/Pods-Weathery-frameworks.sh\"\n";
			showEnvVarsInLog = 0;
		};
		A3A7A545D8B48AF989D97AA9 /* [CP] Check Pods Manifest.lock */ = {
			isa = PBXShellScriptBuildPhase;
			buildActionMask = 2147483647;
			files = (
			);
			inputPaths = (
				"${PODS_PODFILE_DIR_PATH}/Podfile.lock",
				"${PODS_ROOT}/Manifest.lock",
			);
			name = "[CP] Check Pods Manifest.lock";
			outputPaths = (
				"$(DERIVED_FILE_DIR)/Pods-Weathery-checkManifestLockResult.txt",
			);
			runOnlyForDeploymentPostprocessing = 0;
			shellPath = /bin/sh;
			shellScript = "diff \"${PODS_PODFILE_DIR_PATH}/Podfile.lock\" \"${PODS_ROOT}/Manifest.lock\" > /dev/null\nif [ $? != 0 ] ; then\n    # print error to STDERR\n    echo \"error: The sandbox is not in sync with the Podfile.lock. Run 'pod install' or update your CocoaPods installation.\" >&2\n    exit 1\nfi\n# This output is used by Xcode 'outputs' to avoid re-running this script phase.\necho \"SUCCESS\" > \"${SCRIPT_OUTPUT_FILE_0}\"\n";
			showEnvVarsInLog = 0;
		};
/* End PBXShellScriptBuildPhase section */

/* Begin PBXSourcesBuildPhase section */
		FFDCF57C239E010E0098C893 /* Sources */ = {
			isa = PBXSourcesBuildPhase;
			buildActionMask = 2147483647;
			files = (
				FFDCF588239E010E0098C893 /* WeatherViewController.swift in Sources */,
				FFDCF584239E010E0098C893 /* AppDelegate.swift in Sources */,
				FFDCF586239E010E0098C893 /* SceneDelegate.swift in Sources */,
			);
			runOnlyForDeploymentPostprocessing = 0;
		};
/* End PBXSourcesBuildPhase section */

/* Begin PBXVariantGroup section */
		FFDCF589239E010E0098C893 /* Main.storyboard */ = {
			isa = PBXVariantGroup;
			children = (
				FFDCF58A239E010E0098C893 /* Base */,
			);
			name = Main.storyboard;
			sourceTree = "<group>";
		};
		FFDCF58E239E010F0098C893 /* LaunchScreen.storyboard */ = {
			isa = PBXVariantGroup;
			children = (
				FFDCF58F239E010F0098C893 /* Base */,
			);
			name = LaunchScreen.storyboard;
			sourceTree = "<group>";
		};
/* End PBXVariantGroup section */

/* Begin XCBuildConfiguration section */
		FFDCF592239E010F0098C893 /* Debug */ = {
			isa = XCBuildConfiguration;
			buildSettings = {
				ALWAYS_SEARCH_USER_PATHS = NO;
				CLANG_ANALYZER_NONNULL = YES;
				CLANG_ANALYZER_NUMBER_OBJECT_CONVERSION = YES_AGGRESSIVE;
				CLANG_CXX_LANGUAGE_STANDARD = "gnu++14";
				CLANG_CXX_LIBRARY = "libc++";
				CLANG_ENABLE_MODULES = YES;
				CLANG_ENABLE_OBJC_ARC = YES;
				CLANG_ENABLE_OBJC_WEAK = YES;
				CLANG_WARN_BLOCK_CAPTURE_AUTORELEASING = YES;
				CLANG_WARN_BOOL_CONVERSION = YES;
				CLANG_WARN_COMMA = YES;
				CLANG_WARN_CONSTANT_CONVERSION = YES;
				CLANG_WARN_DEPRECATED_OBJC_IMPLEMENTATIONS = YES;
				CLANG_WARN_DIRECT_OBJC_ISA_USAGE = YES_ERROR;
				CLANG_WARN_DOCUMENTATION_COMMENTS = YES;
				CLANG_WARN_EMPTY_BODY = YES;
				CLANG_WARN_ENUM_CONVERSION = YES;
				CLANG_WARN_INFINITE_RECURSION = YES;
				CLANG_WARN_INT_CONVERSION = YES;
				CLANG_WARN_NON_LITERAL_NULL_CONVERSION = YES;
				CLANG_WARN_OBJC_IMPLICIT_RETAIN_SELF = YES;
				CLANG_WARN_OBJC_LITERAL_CONVERSION = YES;
				CLANG_WARN_OBJC_ROOT_CLASS = YES_ERROR;
				CLANG_WARN_RANGE_LOOP_ANALYSIS = YES;
				CLANG_WARN_STRICT_PROTOTYPES = YES;
				CLANG_WARN_SUSPICIOUS_MOVE = YES;
				CLANG_WARN_UNGUARDED_AVAILABILITY = YES_AGGRESSIVE;
				CLANG_WARN_UNREACHABLE_CODE = YES;
				CLANG_WARN__DUPLICATE_METHOD_MATCH = YES;
				COPY_PHASE_STRIP = NO;
				DEBUG_INFORMATION_FORMAT = dwarf;
				ENABLE_STRICT_OBJC_MSGSEND = YES;
				ENABLE_TESTABILITY = YES;
				GCC_C_LANGUAGE_STANDARD = gnu11;
				GCC_DYNAMIC_NO_PIC = NO;
				GCC_NO_COMMON_BLOCKS = YES;
				GCC_OPTIMIZATION_LEVEL = 0;
				GCC_PREPROCESSOR_DEFINITIONS = (
					"DEBUG=1",
					"$(inherited)",
				);
				GCC_WARN_64_TO_32_BIT_CONVERSION = YES;
				GCC_WARN_ABOUT_RETURN_TYPE = YES_ERROR;
				GCC_WARN_UNDECLARED_SELECTOR = YES;
				GCC_WARN_UNINITIALIZED_AUTOS = YES_AGGRESSIVE;
				GCC_WARN_UNUSED_FUNCTION = YES;
				GCC_WARN_UNUSED_VARIABLE = YES;
				IPHONEOS_DEPLOYMENT_TARGET = 13.2;
				MTL_ENABLE_DEBUG_INFO = INCLUDE_SOURCE;
				MTL_FAST_MATH = YES;
				ONLY_ACTIVE_ARCH = YES;
				SDKROOT = iphoneos;
				SWIFT_ACTIVE_COMPILATION_CONDITIONS = DEBUG;
				SWIFT_OPTIMIZATION_LEVEL = "-Onone";
			};
			name = Debug;
		};
		FFDCF593239E010F0098C893 /* Release */ = {
			isa = XCBuildConfiguration;
			buildSettings = {
				ALWAYS_SEARCH_USER_PATHS = NO;
				CLANG_ANALYZER_NONNULL = YES;
				CLANG_ANALYZER_NUMBER_OBJECT_CONVERSION = YES_AGGRESSIVE;
				CLANG_CXX_LANGUAGE_STANDARD = "gnu++14";
				CLANG_CXX_LIBRARY = "libc++";
				CLANG_ENABLE_MODULES = YES;
				CLANG_ENABLE_OBJC_ARC = YES;
				CLANG_ENABLE_OBJC_WEAK = YES;
				CLANG_WARN_BLOCK_CAPTURE_AUTORELEASING = YES;
				CLANG_WARN_BOOL_CONVERSION = YES;
				CLANG_WARN_COMMA = YES;
				CLANG_WARN_CONSTANT_CONVERSION = YES;
				CLANG_WARN_DEPRECATED_OBJC_IMPLEMENTATIONS = YES;
				CLANG_WARN_DIRECT_OBJC_ISA_USAGE = YES_ERROR;
				CLANG_WARN_DOCUMENTATION_COMMENTS = YES;
				CLANG_WARN_EMPTY_BODY = YES;
				CLANG_WARN_ENUM_CONVERSION = YES;
				CLANG_WARN_INFINITE_RECURSION = YES;
				CLANG_WARN_INT_CONVERSION = YES;
				CLANG_WARN_NON_LITERAL_NULL_CONVERSION = YES;
				CLANG_WARN_OBJC_IMPLICIT_RETAIN_SELF = YES;
				CLANG_WARN_OBJC_LITERAL_CONVERSION = YES;
				CLANG_WARN_OBJC_ROOT_CLASS = YES_ERROR;
				CLANG_WARN_RANGE_LOOP_ANALYSIS = YES;
				CLANG_WARN_STRICT_PROTOTYPES = YES;
				CLANG_WARN_SUSPICIOUS_MOVE = YES;
				CLANG_WARN_UNGUARDED_AVAILABILITY = YES_AGGRESSIVE;
				CLANG_WARN_UNREACHABLE_CODE = YES;
				CLANG_WARN__DUPLICATE_METHOD_MATCH = YES;
				COPY_PHASE_STRIP = NO;
				DEBUG_INFORMATION_FORMAT = "dwarf-with-dsym";
				ENABLE_NS_ASSERTIONS = NO;
				ENABLE_STRICT_OBJC_MSGSEND = YES;
				GCC_C_LANGUAGE_STANDARD = gnu11;
				GCC_NO_COMMON_BLOCKS = YES;
				GCC_WARN_64_TO_32_BIT_CONVERSION = YES;
				GCC_WARN_ABOUT_RETURN_TYPE = YES_ERROR;
				GCC_WARN_UNDECLARED_SELECTOR = YES;
				GCC_WARN_UNINITIALIZED_AUTOS = YES_AGGRESSIVE;
				GCC_WARN_UNUSED_FUNCTION = YES;
				GCC_WARN_UNUSED_VARIABLE = YES;
				IPHONEOS_DEPLOYMENT_TARGET = 13.2;
				MTL_ENABLE_DEBUG_INFO = NO;
				MTL_FAST_MATH = YES;
				SDKROOT = iphoneos;
				SWIFT_COMPILATION_MODE = wholemodule;
				SWIFT_OPTIMIZATION_LEVEL = "-O";
				VALIDATE_PRODUCT = YES;
			};
			name = Release;
		};
		FFDCF595239E010F0098C893 /* Debug */ = {
			isa = XCBuildConfiguration;
			baseConfigurationReference = 81FE74B648812E383C955B9A /* Pods-Weathery.debug.xcconfig */;
			buildSettings = {
				ASSETCATALOG_COMPILER_APPICON_NAME = AppIcon;
				CODE_SIGN_STYLE = Automatic;
				DEVELOPMENT_TEAM = 4JWUSF25X2;
				INFOPLIST_FILE = "$(SRCROOT)/Info.plist";
				LD_RUNPATH_SEARCH_PATHS = (
					"$(inherited)",
					"@executable_path/Frameworks",
				);
				PRODUCT_BUNDLE_IDENTIFIER = com.fahimrahman.Weathery;
				PRODUCT_NAME = "$(TARGET_NAME)";
				SWIFT_VERSION = 5.0;
				TARGETED_DEVICE_FAMILY = 1;
			};
			name = Debug;
		};
		FFDCF596239E010F0098C893 /* Release */ = {
			isa = XCBuildConfiguration;
			baseConfigurationReference = 055CFEE8824861B13C0E4C54 /* Pods-Weathery.release.xcconfig */;
			buildSettings = {
				ASSETCATALOG_COMPILER_APPICON_NAME = AppIcon;
				CODE_SIGN_STYLE = Automatic;
				DEVELOPMENT_TEAM = 4JWUSF25X2;
				INFOPLIST_FILE = "$(SRCROOT)/Info.plist";
				LD_RUNPATH_SEARCH_PATHS = (
					"$(inherited)",
					"@executable_path/Frameworks",
				);
				PRODUCT_BUNDLE_IDENTIFIER = com.fahimrahman.Weathery;
				PRODUCT_NAME = "$(TARGET_NAME)";
				SWIFT_VERSION = 5.0;
				TARGETED_DEVICE_FAMILY = 1;
			};
			name = Release;
		};
/* End XCBuildConfiguration section */

/* Begin XCConfigurationList section */
		FFDCF57B239E010E0098C893 /* Build configuration list for PBXProject "Weathery" */ = {
			isa = XCConfigurationList;
			buildConfigurations = (
				FFDCF592239E010F0098C893 /* Debug */,
				FFDCF593239E010F0098C893 /* Release */,
			);
			defaultConfigurationIsVisible = 0;
			defaultConfigurationName = Release;
		};
		FFDCF594239E010F0098C893 /* Build configuration list for PBXNativeTarget "Weathery" */ = {
			isa = XCConfigurationList;
			buildConfigurations = (
				FFDCF595239E010F0098C893 /* Debug */,
				FFDCF596239E010F0098C893 /* Release */,
			);
			defaultConfigurationIsVisible = 0;
			defaultConfigurationName = Release;
		};
/* End XCConfigurationList section */
	};
	rootObject = FFDCF578239E010E0098C893 /* Project object */;
}
